
Microsoft Visual Studio Solution File, Format Version 12.00
# Visual Studio 2013
VisualStudioVersion = 12.0.31101.0
MinimumVisualStudioVersion = 10.0.40219.1
Project("{2150E333-8FDC-42A3-9474-1A3956D46DE8}") = "BlogSite", "BlogSite", "{DA7648C3-3800-4EC3-A8FC-20BFAF7F8254}"
EndProject
Project("{FAE04EC0-301F-11D3-BF4B-00C04F79EFBC}") = "RahulRai.Websites.BlogSite.Web.UI.Tests", "BlogSite.Web.UI.Tests\RahulRai.Websites.BlogSite.Web.UI.Tests.csproj", "{F6391918-1200-4CDD-AAF5-C8E7B37241CE}"
EndProject
Project("{2150E333-8FDC-42A3-9474-1A3956D46DE8}") = ".nuget", ".nuget", "{D8220A76-BECA-4923-B990-B293043F4FA3}"
	ProjectSection(SolutionItems) = preProject
		.nuget\NuGet.Config = .nuget\NuGet.Config
		.nuget\NuGet.exe = .nuget\NuGet.exe
		.nuget\NuGet.targets = .nuget\NuGet.targets
		.nuget\packages.config = .nuget\packages.config
	EndProjectSection
EndProject
Project("{2150E333-8FDC-42A3-9474-1A3956D46DE8}") = "Utilities", "Utilities", "{8E6CCF7C-144B-427D-97D9-BD10C16F13E4}"
EndProject
Project("{FAE04EC0-301F-11D3-BF4B-00C04F79EFBC}") = "RahulRai.Websites.BlogSite.Web.UI", "RahulRai.Websites.BlogSite.Web.UI\RahulRai.Websites.BlogSite.Web.UI.csproj", "{B4FB33A3-7AC6-471F-995C-E40B19F11D02}"
EndProject
Project("{2150E333-8FDC-42A3-9474-1A3956D46DE8}") = "SportsAndHealth", "SportsAndHealth", "{4333C881-195A-48E1-A67B-BE5092B247E0}"
EndProject
Project("{FAE04EC0-301F-11D3-BF4B-00C04F79EFBC}") = "RahulRai.Websites.SportsAndHealth.Web.UI", "RahulRai.Websites.SportsAndHealth.Web.UI\RahulRai.Websites.SportsAndHealth.Web.UI.csproj", "{14047CB1-3EE5-4B4E-B6A3-7E7FCC2C4896}"
EndProject
Project("{FAE04EC0-301F-11D3-BF4B-00C04F79EFBC}") = "RahulRai.Websites.SportsAndHealth.Web.UI.Tests", "RahulRai.Websites.SportsAndHealth.Web.UI.Tests\RahulRai.Websites.SportsAndHealth.Web.UI.Tests.csproj", "{99F11DD3-8194-41BF-A30B-16252A4C37D7}"
EndProject
Project("{FAE04EC0-301F-11D3-BF4B-00C04F79EFBC}") = "RahulRai.Websites.Utilities.Web", "RahulRai.Websites.Utilities.Web\RahulRai.Websites.Utilities.Web.csproj", "{DC6595F8-F592-429E-8F61-100FDFC5B403}"
EndProject
Project("{FAE04EC0-301F-11D3-BF4B-00C04F79EFBC}") = "RahulRai.Websites.Utilities.AzureStorage", "RahulRai.Websites.Utilities.AzureStorage\RahulRai.Websites.Utilities.AzureStorage.csproj", "{081071D1-B456-454D-9AF2-44DD90AF14F4}"
EndProject
Project("{FAE04EC0-301F-11D3-BF4B-00C04F79EFBC}") = "RahulRai.Websites.Utilities.Common", "RahulRai.Websites.Utilities.Common\RahulRai.Websites.Utilities.Common.csproj", "{6CDA73B5-A8EF-47B0-8DBC-81BF8E3DE35A}"
EndProject
Project("{FAE04EC0-301F-11D3-BF4B-00C04F79EFBC}") = "RahulRai.Websites.Utilities.AzureStorage.Tests", "RahulRai.Websites.Utilities.AzureStorage.Tests\RahulRai.Websites.Utilities.AzureStorage.Tests.csproj", "{852852C1-9CB3-4399-A462-B93F32DAA738}"
EndProject
Global
	GlobalSection(SolutionConfigurationPlatforms) = preSolution
		Debug|Any CPU = Debug|Any CPU
		Release|Any CPU = Release|Any CPU
	EndGlobalSection
	GlobalSection(ProjectConfigurationPlatforms) = postSolution
		{F6391918-1200-4CDD-AAF5-C8E7B37241CE}.Debug|Any CPU.ActiveCfg = Debug|Any CPU
		{F6391918-1200-4CDD-AAF5-C8E7B37241CE}.Debug|Any CPU.Build.0 = Debug|Any CPU
		{F6391918-1200-4CDD-AAF5-C8E7B37241CE}.Release|Any CPU.ActiveCfg = Release|Any CPU
		{F6391918-1200-4CDD-AAF5-C8E7B37241CE}.Release|Any CPU.Build.0 = Release|Any CPU
		{B4FB33A3-7AC6-471F-995C-E40B19F11D02}.Debug|Any CPU.ActiveCfg = Debug|Any CPU
		{B4FB33A3-7AC6-471F-995C-E40B19F11D02}.Debug|Any CPU.Build.0 = Debug|Any CPU
		{B4FB33A3-7AC6-471F-995C-E40B19F11D02}.Release|Any CPU.ActiveCfg = Release|Any CPU
		{B4FB33A3-7AC6-471F-995C-E40B19F11D02}.Release|Any CPU.Build.0 = Release|Any CPU
		{14047CB1-3EE5-4B4E-B6A3-7E7FCC2C4896}.Debug|Any CPU.ActiveCfg = Debug|Any CPU
		{14047CB1-3EE5-4B4E-B6A3-7E7FCC2C4896}.Debug|Any CPU.Build.0 = Debug|Any CPU
		{14047CB1-3EE5-4B4E-B6A3-7E7FCC2C4896}.Release|Any CPU.ActiveCfg = Release|Any CPU
		{14047CB1-3EE5-4B4E-B6A3-7E7FCC2C4896}.Release|Any CPU.Build.0 = Release|Any CPU
		{99F11DD3-8194-41BF-A30B-16252A4C37D7}.Debug|Any CPU.ActiveCfg = Debug|Any CPU
		{99F11DD3-8194-41BF-A30B-16252A4C37D7}.Debug|Any CPU.Build.0 = Debug|Any CPU
		{99F11DD3-8194-41BF-A30B-16252A4C37D7}.Release|Any CPU.ActiveCfg = Release|Any CPU
		{99F11DD3-8194-41BF-A30B-16252A4C37D7}.Release|Any CPU.Build.0 = Release|Any CPU
		{DC6595F8-F592-429E-8F61-100FDFC5B403}.Debug|Any CPU.ActiveCfg = Debug|Any CPU
		{DC6595F8-F592-429E-8F61-100FDFC5B403}.Debug|Any CPU.Build.0 = Debug|Any CPU
		{DC6595F8-F592-429E-8F61-100FDFC5B403}.Release|Any CPU.ActiveCfg = Release|Any CPU
		{DC6595F8-F592-429E-8F61-100FDFC5B403}.Release|Any CPU.Build.0 = Release|Any CPU
		{081071D1-B456-454D-9AF2-44DD90AF14F4}.Debug|Any CPU.ActiveCfg = Debug|Any CPU
		{081071D1-B456-454D-9AF2-44DD90AF14F4}.Debug|Any CPU.Build.0 = Debug|Any CPU
		{081071D1-B456-454D-9AF2-44DD90AF14F4}.Release|Any CPU.ActiveCfg = Release|Any CPU
		{081071D1-B456-454D-9AF2-44DD90AF14F4}.Release|Any CPU.Build.0 = Release|Any CPU
		{6CDA73B5-A8EF-47B0-8DBC-81BF8E3DE35A}.Debug|Any CPU.ActiveCfg = Debug|Any CPU
		{6CDA73B5-A8EF-47B0-8DBC-81BF8E3DE35A}.Debug|Any CPU.Build.0 = Debug|Any CPU
		{6CDA73B5-A8EF-47B0-8DBC-81BF8E3DE35A}.Release|Any CPU.ActiveCfg = Release|Any CPU
		{6CDA73B5-A8EF-47B0-8DBC-81BF8E3DE35A}.Release|Any CPU.Build.0 = Release|Any CPU
		{852852C1-9CB3-4399-A462-B93F32DAA738}.Debug|Any CPU.ActiveCfg = Debug|Any CPU
		{852852C1-9CB3-4399-A462-B93F32DAA738}.Debug|Any CPU.Build.0 = Debug|Any CPU
		{852852C1-9CB3-4399-A462-B93F32DAA738}.Release|Any CPU.ActiveCfg = Release|Any CPU
		{852852C1-9CB3-4399-A462-B93F32DAA738}.Release|Any CPU.Build.0 = Release|Any CPU
	EndGlobalSection
	GlobalSection(SolutionProperties) = preSolution
		HideSolutionNode = FALSE
	EndGlobalSection
	GlobalSection(NestedProjects) = preSolution
		{F6391918-1200-4CDD-AAF5-C8E7B37241CE} = {DA7648C3-3800-4EC3-A8FC-20BFAF7F8254}
		{B4FB33A3-7AC6-471F-995C-E40B19F11D02} = {DA7648C3-3800-4EC3-A8FC-20BFAF7F8254}
		{14047CB1-3EE5-4B4E-B6A3-7E7FCC2C4896} = {4333C881-195A-48E1-A67B-BE5092B247E0}
		{99F11DD3-8194-41BF-A30B-16252A4C37D7} = {4333C881-195A-48E1-A67B-BE5092B247E0}
		{DC6595F8-F592-429E-8F61-100FDFC5B403} = {8E6CCF7C-144B-427D-97D9-BD10C16F13E4}
		{081071D1-B456-454D-9AF2-44DD90AF14F4} = {8E6CCF7C-144B-427D-97D9-BD10C16F13E4}
		{6CDA73B5-A8EF-47B0-8DBC-81BF8E3DE35A} = {8E6CCF7C-144B-427D-97D9-BD10C16F13E4}
	EndGlobalSection
EndGlobal
